// !$*UTF8*$!
{
	archiveVersion = 1;
	classes = {
	};
	objectVersion = 46;
	objects = {

/* Begin PBXBuildFile section */
		4256A34A1C40DDCC00131142 /* MemberClass.swift in Sources */ = {isa = PBXBuildFile; fileRef = 4256A3491C40DDCC00131142 /* MemberClass.swift */; };
		4256A34C1C40E5F900131142 /* JSONClass.swift in Sources */ = {isa = PBXBuildFile; fileRef = 4256A34B1C40E5F900131142 /* JSONClass.swift */; };
		42D3D3081C42A2FA002FF7B8 /* TestingUser.swift in Sources */ = {isa = PBXBuildFile; fileRef = 42D3D3071C42A2FA002FF7B8 /* TestingUser.swift */; };
		D701449B1C449CA800813650 /* TestingUserPager.swift in Sources */ = {isa = PBXBuildFile; fileRef = D701449A1C449CA800813650 /* TestingUserPager.swift */; };
		D70EE3471C3CDE7100944E21 /* CutImage.swift in Sources */ = {isa = PBXBuildFile; fileRef = D70EE3461C3CDE7100944E21 /* CutImage.swift */; };
		D7240CB31C4359A900B1C191 /* MemberAdEdContainer.swift in Sources */ = {isa = PBXBuildFile; fileRef = D7240CB21C4359A900B1C191 /* MemberAdEdContainer.swift */; };
		D72C9BDB1C3A492F00856494 /* Assets.xcassets in Resources */ = {isa = PBXBuildFile; fileRef = D72C9BDA1C3A492F00856494 /* Assets.xcassets */; };
		D72C9BE81C3A4A6B00856494 /* MainLogin.swift in Sources */ = {isa = PBXBuildFile; fileRef = D72C9BE71C3A4A6B00856494 /* MainLogin.swift */; };
		D72C9BEC1C3A4A9000856494 /* AppDelegate.swift in Sources */ = {isa = PBXBuildFile; fileRef = D72C9BEB1C3A4A9000856494 /* AppDelegate.swift */; };
		D72C9BF31C3A4CCD00856494 /* ImageClass.swift in Sources */ = {isa = PBXBuildFile; fileRef = D72C9BF01C3A4CCD00856494 /* ImageClass.swift */; };
		D72C9BF41C3A4CCD00856494 /* NoDataView.swift in Sources */ = {isa = PBXBuildFile; fileRef = D72C9BF11C3A4CCD00856494 /* NoDataView.swift */; };
		D72C9BF51C3A4CCD00856494 /* PubClass.swift in Sources */ = {isa = PBXBuildFile; fileRef = D72C9BF21C3A4CCD00856494 /* PubClass.swift */; };
		D72C9BFD1C3A4D1100856494 /* digt001.ttf in Resources */ = {isa = PBXBuildFile; fileRef = D72C9BFB1C3A4D1100856494 /* digt001.ttf */; };
		D72C9BFE1C3A4D1100856494 /* digt002.ttf in Resources */ = {isa = PBXBuildFile; fileRef = D72C9BFC1C3A4D1100856494 /* digt002.ttf */; };
		D72C9C401C3A4D3400856494 /* akregator_256.png in Resources */ = {isa = PBXBuildFile; fileRef = D72C9C001C3A4D3400856494 /* akregator_256.png */; };
		D72C9C411C3A4D3400856494 /* appicon01.png in Resources */ = {isa = PBXBuildFile; fileRef = D72C9C011C3A4D3400856494 /* appicon01.png */; };
		D72C9C421C3A4D3400856494 /* appicon02.png in Resources */ = {isa = PBXBuildFile; fileRef = D72C9C021C3A4D3400856494 /* appicon02.png */; };
		D72C9C431C3A4D3400856494 /* arrow_down02.png in Resources */ = {isa = PBXBuildFile; fileRef = D72C9C031C3A4D3400856494 /* arrow_down02.png */; };
		D72C9C441C3A4D3400856494 /* arrow_down03.png in Resources */ = {isa = PBXBuildFile; fileRef = D72C9C041C3A4D3400856494 /* arrow_down03.png */; };
		D72C9C451C3A4D3400856494 /* arrow_left01.png in Resources */ = {isa = PBXBuildFile; fileRef = D72C9C051C3A4D3400856494 /* arrow_left01.png */; };
		D72C9C461C3A4D3400856494 /* arrow_left02.png in Resources */ = {isa = PBXBuildFile; fileRef = D72C9C061C3A4D3400856494 /* arrow_left02.png */; };
		D72C9C471C3A4D3400856494 /* arrow_right01.png in Resources */ = {isa = PBXBuildFile; fileRef = D72C9C071C3A4D3400856494 /* arrow_right01.png */; };
		D72C9C481C3A4D3400856494 /* arrow_right02.png in Resources */ = {isa = PBXBuildFile; fileRef = D72C9C081C3A4D3400856494 /* arrow_right02.png */; };
		D72C9C491C3A4D3400856494 /* arrow_up02.png in Resources */ = {isa = PBXBuildFile; fileRef = D72C9C091C3A4D3400856494 /* arrow_up02.png */; };
		D72C9C4A1C3A4D3400856494 /* arrow_up03.png in Resources */ = {isa = PBXBuildFile; fileRef = D72C9C0A1C3A4D3400856494 /* arrow_up03.png */; };
		D72C9C4B1C3A4D3400856494 /* back001.png in Resources */ = {isa = PBXBuildFile; fileRef = D72C9C0B1C3A4D3400856494 /* back001.png */; };
		D72C9C4C1C3A4D3400856494 /* back002.jpg in Resources */ = {isa = PBXBuildFile; fileRef = D72C9C0C1C3A4D3400856494 /* back002.jpg */; };
		D72C9C4D1C3A4D3400856494 /* bg_logo01.png in Resources */ = {isa = PBXBuildFile; fileRef = D72C9C0D1C3A4D3400856494 /* bg_logo01.png */; };
		D72C9C4E1C3A4D3400856494 /* bg_txt01.png in Resources */ = {isa = PBXBuildFile; fileRef = D72C9C0E1C3A4D3400856494 /* bg_txt01.png */; };
		D72C9C4F1C3A4D3400856494 /* bluetooth_on_128.png in Resources */ = {isa = PBXBuildFile; fileRef = D72C9C0F1C3A4D3400856494 /* bluetooth_on_128.png */; };
		D72C9C501C3A4D3400856494 /* calculator_256.png in Resources */ = {isa = PBXBuildFile; fileRef = D72C9C101C3A4D3400856494 /* calculator_256.png */; };
		D72C9C511C3A4D3400856494 /* calendar01_128.png in Resources */ = {isa = PBXBuildFile; fileRef = D72C9C111C3A4D3400856494 /* calendar01_128.png */; };
		D72C9C521C3A4D3400856494 /* camera_256_01.png in Resources */ = {isa = PBXBuildFile; fileRef = D72C9C121C3A4D3400856494 /* camera_256_01.png */; };
		D72C9C531C3A4D3400856494 /* camera_shutter.png in Resources */ = {isa = PBXBuildFile; fileRef = D72C9C131C3A4D3400856494 /* camera_shutter.png */; };
		D72C9C541C3A4D3400856494 /* camera_switch.png in Resources */ = {isa = PBXBuildFile; fileRef = D72C9C141C3A4D3400856494 /* camera_switch.png */; };
		D72C9C551C3A4D3400856494 /* config_256.png in Resources */ = {isa = PBXBuildFile; fileRef = D72C9C151C3A4D3400856494 /* config_256.png */; };
		D72C9C561C3A4D3400856494 /* customer.png in Resources */ = {isa = PBXBuildFile; fileRef = D72C9C161C3A4D3400856494 /* customer.png */; };
		D72C9C571C3A4D3400856494 /* del_128_001.png in Resources */ = {isa = PBXBuildFile; fileRef = D72C9C171C3A4D3400856494 /* del_128_001.png */; };
		D72C9C581C3A4D3400856494 /* dev01.png in Resources */ = {isa = PBXBuildFile; fileRef = D72C9C181C3A4D3400856494 /* dev01.png */; };
		D72C9C591C3A4D3400856494 /* dev02.png in Resources */ = {isa = PBXBuildFile; fileRef = D72C9C191C3A4D3400856494 /* dev02.png */; };
		D72C9C5A1C3A4D3400856494 /* dev03.png in Resources */ = {isa = PBXBuildFile; fileRef = D72C9C1A1C3A4D3400856494 /* dev03.png */; };
		D72C9C5B1C3A4D3400856494 /* dev04.png in Resources */ = {isa = PBXBuildFile; fileRef = D72C9C1B1C3A4D3400856494 /* dev04.png */; };
		D72C9C5C1C3A4D3400856494 /* edit_128_001.png in Resources */ = {isa = PBXBuildFile; fileRef = D72C9C1C1C3A4D3400856494 /* edit_128_001.png */; };
		D72C9C5D1C3A4D3400856494 /* engval_down.png in Resources */ = {isa = PBXBuildFile; fileRef = D72C9C1D1C3A4D3400856494 /* engval_down.png */; };
		D72C9C5E1C3A4D3400856494 /* engval_up.png in Resources */ = {isa = PBXBuildFile; fileRef = D72C9C1E1C3A4D3400856494 /* engval_up.png */; };
		D72C9C5F1C3A4D3400856494 /* heart_icon.png in Resources */ = {isa = PBXBuildFile; fileRef = D72C9C1F1C3A4D3400856494 /* heart_icon.png */; };
		D72C9C601C3A4D3400856494 /* heart_icon48.png in Resources */ = {isa = PBXBuildFile; fileRef = D72C9C201C3A4D3400856494 /* heart_icon48.png */; };
		D72C9C611C3A4D3400856494 /* heart_icon64.png in Resources */ = {isa = PBXBuildFile; fileRef = D72C9C211C3A4D3400856494 /* heart_icon64.png */; };
		D72C9C621C3A4D3400856494 /* homelogo001.png in Resources */ = {isa = PBXBuildFile; fileRef = D72C9C221C3A4D3400856494 /* homelogo001.png */; };
		D72C9C631C3A4D3400856494 /* homelogo002.png in Resources */ = {isa = PBXBuildFile; fileRef = D72C9C231C3A4D3400856494 /* homelogo002.png */; };
		D72C9C641C3A4D3400856494 /* homelogo003.png in Resources */ = {isa = PBXBuildFile; fileRef = D72C9C241C3A4D3400856494 /* homelogo003.png */; };
		D72C9C651C3A4D3400856494 /* invoice01_128.png in Resources */ = {isa = PBXBuildFile; fileRef = D72C9C251C3A4D3400856494 /* invoice01_128.png */; };
		D72C9C661C3A4D3400856494 /* kchart_256.png in Resources */ = {isa = PBXBuildFile; fileRef = D72C9C261C3A4D3400856494 /* kchart_256.png */; };
		D72C9C671C3A4D3400856494 /* logo_isoqi01.png in Resources */ = {isa = PBXBuildFile; fileRef = D72C9C271C3A4D3400856494 /* logo_isoqi01.png */; };
		D72C9C681C3A4D3400856494 /* logo_merit01.png in Resources */ = {isa = PBXBuildFile; fileRef = D72C9C281C3A4D3400856494 /* logo_merit01.png */; };
		D72C9C691C3A4D3400856494 /* logo_merit02.png in Resources */ = {isa = PBXBuildFile; fileRef = D72C9C291C3A4D3400856494 /* logo_merit02.png */; };
		D72C9C6A1C3A4D3400856494 /* menu_calendar01_256.png in Resources */ = {isa = PBXBuildFile; fileRef = D72C9C2A1C3A4D3400856494 /* menu_calendar01_256.png */; };
		D72C9C6B1C3A4D3400856494 /* menu_calendar_256.png in Resources */ = {isa = PBXBuildFile; fileRef = D72C9C2B1C3A4D3400856494 /* menu_calendar_256.png */; };
		D72C9C6C1C3A4D3400856494 /* menu_camera_256.png in Resources */ = {isa = PBXBuildFile; fileRef = D72C9C2C1C3A4D3400856494 /* menu_camera_256.png */; };
		D72C9C6D1C3A4D3400856494 /* menu_cert_256.png in Resources */ = {isa = PBXBuildFile; fileRef = D72C9C2D1C3A4D3400856494 /* menu_cert_256.png */; };
		D72C9C6E1C3A4D3400856494 /* menu_member.png in Resources */ = {isa = PBXBuildFile; fileRef = D72C9C2E1C3A4D3400856494 /* menu_member.png */; };
		D72C9C6F1C3A4D3400856494 /* menu_message_256.png in Resources */ = {isa = PBXBuildFile; fileRef = D72C9C2F1C3A4D3400856494 /* menu_message_256.png */; };
		D72C9C701C3A4D3400856494 /* menu_profile.png in Resources */ = {isa = PBXBuildFile; fileRef = D72C9C301C3A4D3400856494 /* menu_profile.png */; };
		D72C9C711C3A4D3400856494 /* menu_testing.png in Resources */ = {isa = PBXBuildFile; fileRef = D72C9C311C3A4D3400856494 /* menu_testing.png */; };
		D72C9C721C3A4D3400856494 /* menu_testint01_256.png in Resources */ = {isa = PBXBuildFile; fileRef = D72C9C321C3A4D3400856494 /* menu_testint01_256.png */; };
		D72C9C731C3A4D3400856494 /* menu_train01_256.png in Resources */ = {isa = PBXBuildFile; fileRef = D72C9C331C3A4D3400856494 /* menu_train01_256.png */; };
		D72C9C741C3A4D3400856494 /* menu_train_256.png in Resources */ = {isa = PBXBuildFile; fileRef = D72C9C341C3A4D3400856494 /* menu_train_256.png */; };
		D72C9C751C3A4D3400856494 /* menu_upload.png in Resources */ = {isa = PBXBuildFile; fileRef = D72C9C351C3A4D3400856494 /* menu_upload.png */; };
		D72C9C761C3A4D3400856494 /* msgicon_fb.png in Resources */ = {isa = PBXBuildFile; fileRef = D72C9C361C3A4D3400856494 /* msgicon_fb.png */; };
		D72C9C771C3A4D3400856494 /* msgicon_line.png in Resources */ = {isa = PBXBuildFile; fileRef = D72C9C371C3A4D3400856494 /* msgicon_line.png */; };
		D72C9C781C3A4D3400856494 /* msgicon_qq.png in Resources */ = {isa = PBXBuildFile; fileRef = D72C9C381C3A4D3400856494 /* msgicon_qq.png */; };
		D72C9C791C3A4D3400856494 /* msgicon_wechat.png in Resources */ = {isa = PBXBuildFile; fileRef = D72C9C391C3A4D3400856494 /* msgicon_wechat.png */; };
		D72C9C7A1C3A4D3400856494 /* news01_128.png in Resources */ = {isa = PBXBuildFile; fileRef = D72C9C3A1C3A4D3400856494 /* news01_128.png */; };
		D72C9C7B1C3A4D3400856494 /* save_128.png in Resources */ = {isa = PBXBuildFile; fileRef = D72C9C3B1C3A4D3400856494 /* save_128.png */; };
		D72C9C7C1C3A4D3400856494 /* search01_128.png in Resources */ = {isa = PBXBuildFile; fileRef = D72C9C3C1C3A4D3400856494 /* search01_128.png */; };
		D72C9C7D1C3A4D3400856494 /* search_64.png in Resources */ = {isa = PBXBuildFile; fileRef = D72C9C3D1C3A4D3400856494 /* search_64.png */; };
		D72C9C7E1C3A4D3400856494 /* testmechine_128.png in Resources */ = {isa = PBXBuildFile; fileRef = D72C9C3E1C3A4D3400856494 /* testmechine_128.png */; };
		D72C9C7F1C3A4D3400856494 /* user_empty01.png in Resources */ = {isa = PBXBuildFile; fileRef = D72C9C3F1C3A4D3400856494 /* user_empty01.png */; };
		D72C9C831C3A51C300856494 /* bg001.png in Resources */ = {isa = PBXBuildFile; fileRef = D72C9C821C3A51C300856494 /* bg001.png */; };
		D72C9C871C3A58EB00856494 /* heart_monitor_128.png in Resources */ = {isa = PBXBuildFile; fileRef = D72C9C841C3A58EB00856494 /* heart_monitor_128.png */; };
		D72C9C881C3A58EB00856494 /* settings_128.png in Resources */ = {isa = PBXBuildFile; fileRef = D72C9C851C3A58EB00856494 /* settings_128.png */; };
		D72C9C891C3A58EB00856494 /* user_group_128.png in Resources */ = {isa = PBXBuildFile; fileRef = D72C9C861C3A58EB00856494 /* user_group_128.png */; };
		D77686E81C3B6296008F4564 /* Main.storyboard in Resources */ = {isa = PBXBuildFile; fileRef = D77686E71C3B6296008F4564 /* Main.storyboard */; };
		D77687181C3B6DB4008F4564 /* Localizable.strings in Resources */ = {isa = PBXBuildFile; fileRef = D77687131C3B6CE0008F4564 /* Localizable.strings */; };
		D776871B1C3B7059008F4564 /* InfoPlist.strings in Resources */ = {isa = PBXBuildFile; fileRef = D776871D1C3B7059008F4564 /* InfoPlist.strings */; };
		D77687261C3B7B17008F4564 /* CellCollect.swift in Sources */ = {isa = PBXBuildFile; fileRef = D77687251C3B7B17008F4564 /* CellCollect.swift */; };
		D77687291C3B9801008F4564 /* MemberList.swift in Sources */ = {isa = PBXBuildFile; fileRef = D77687281C3B9801008F4564 /* MemberList.swift */; };
		D776872B1C3B9A40008F4564 /* MemberAdEd.swift in Sources */ = {isa = PBXBuildFile; fileRef = D776872A1C3B9A40008F4564 /* MemberAdEd.swift */; };
		D776872E1C3BAF56008F4564 /* FileMang.swift in Sources */ = {isa = PBXBuildFile; fileRef = D776872D1C3BAF56008F4564 /* FileMang.swift */; };
		D7CF064D1C47412C004E8E71 /* H1_L_P.jpg in Resources */ = {isa = PBXBuildFile; fileRef = D7CF064C1C47412C004E8E71 /* H1_L_P.jpg */; };
		D7CF06501C474F33004E8E71 /* BLEMeadService.swift in Sources */ = {isa = PBXBuildFile; fileRef = D7CF064F1C474F33004E8E71 /* BLEMeadService.swift */; };
		D7CF06571C475710004E8E71 /* BLEMeadMain.swift in Sources */ = {isa = PBXBuildFile; fileRef = D7CF06561C475710004E8E71 /* BLEMeadMain.swift */; };
		D7FD81671C45F6CA00FA9E5A /* TestingMemberSel.swift in Sources */ = {isa = PBXBuildFile; fileRef = D7FD81661C45F6CA00FA9E5A /* TestingMemberSel.swift */; };
		D7FD81691C46070F00FA9E5A /* TestingGuestSel.swift in Sources */ = {isa = PBXBuildFile; fileRef = D7FD81681C46070F00FA9E5A /* TestingGuestSel.swift */; };
		D7FD816C1C46368F00FA9E5A /* MeadConfig.swift in Sources */ = {isa = PBXBuildFile; fileRef = D7FD816B1C46368F00FA9E5A /* MeadConfig.swift */; };
		D7FD81711C464E1500FA9E5A /* pict_testing in Resources */ = {isa = PBXBuildFile; fileRef = D7FD81701C464E1500FA9E5A /* pict_testing */; };
		D7FFDD661C3E6497003EEF92 /* MemberListCell.swift in Sources */ = {isa = PBXBuildFile; fileRef = D7FFDD651C3E6497003EEF92 /* MemberListCell.swift */; };
/* End PBXBuildFile section */

/* Begin PBXFileReference section */
		4256A3491C40DDCC00131142 /* MemberClass.swift */ = {isa = PBXFileReference; fileEncoding = 4; lastKnownFileType = sourcecode.swift; name = MemberClass.swift; path = Member/MemberClass.swift; sourceTree = "<group>"; };
		4256A34B1C40E5F900131142 /* JSONClass.swift */ = {isa = PBXFileReference; fileEncoding = 4; lastKnownFileType = sourcecode.swift; path = JSONClass.swift; sourceTree = "<group>"; };
		42D3D3071C42A2FA002FF7B8 /* TestingUser.swift */ = {isa = PBXFileReference; fileEncoding = 4; lastKnownFileType = sourcecode.swift; name = TestingUser.swift; path = Testing/TestingUser.swift; sourceTree = "<group>"; };
		D701449A1C449CA800813650 /* TestingUserPager.swift */ = {isa = PBXFileReference; fileEncoding = 4; lastKnownFileType = sourcecode.swift; name = TestingUserPager.swift; path = Testing/TestingUserPager.swift; sourceTree = "<group>"; };
		D70EE3461C3CDE7100944E21 /* CutImage.swift */ = {isa = PBXFileReference; fileEncoding = 4; lastKnownFileType = sourcecode.swift; path = CutImage.swift; sourceTree = "<group>"; };
		D7240CB21C4359A900B1C191 /* MemberAdEdContainer.swift */ = {isa = PBXFileReference; fileEncoding = 4; lastKnownFileType = sourcecode.swift; name = MemberAdEdContainer.swift; path = Member/MemberAdEdContainer.swift; sourceTree = "<group>"; };
		D72C9BD01C3A492E00856494 /* MeadGlobal.app */ = {isa = PBXFileReference; explicitFileType = wrapper.application; includeInIndex = 0; path = MeadGlobal.app; sourceTree = BUILT_PRODUCTS_DIR; };
		D72C9BDA1C3A492F00856494 /* Assets.xcassets */ = {isa = PBXFileReference; lastKnownFileType = folder.assetcatalog; name = Assets.xcassets; path = ../Assets.xcassets; sourceTree = "<group>"; };
		D72C9BE71C3A4A6B00856494 /* MainLogin.swift */ = {isa = PBXFileReference; fileEncoding = 4; lastKnownFileType = sourcecode.swift; path = MainLogin.swift; sourceTree = "<group>"; };
		D72C9BEB1C3A4A9000856494 /* AppDelegate.swift */ = {isa = PBXFileReference; fileEncoding = 4; lastKnownFileType = sourcecode.swift; path = AppDelegate.swift; sourceTree = "<group>"; };
		D72C9BF01C3A4CCD00856494 /* ImageClass.swift */ = {isa = PBXFileReference; fileEncoding = 4; lastKnownFileType = sourcecode.swift; path = ImageClass.swift; sourceTree = "<group>"; };
		D72C9BF11C3A4CCD00856494 /* NoDataView.swift */ = {isa = PBXFileReference; fileEncoding = 4; lastKnownFileType = sourcecode.swift; path = NoDataView.swift; sourceTree = "<group>"; };
		D72C9BF21C3A4CCD00856494 /* PubClass.swift */ = {isa = PBXFileReference; fileEncoding = 4; lastKnownFileType = sourcecode.swift; path = PubClass.swift; sourceTree = "<group>"; };
		D72C9BFB1C3A4D1100856494 /* digt001.ttf */ = {isa = PBXFileReference; lastKnownFileType = file; path = digt001.ttf; sourceTree = "<group>"; };
		D72C9BFC1C3A4D1100856494 /* digt002.ttf */ = {isa = PBXFileReference; lastKnownFileType = file; path = digt002.ttf; sourceTree = "<group>"; };
		D72C9C001C3A4D3400856494 /* akregator_256.png */ = {isa = PBXFileReference; lastKnownFileType = image.png; path = akregator_256.png; sourceTree = "<group>"; };
		D72C9C011C3A4D3400856494 /* appicon01.png */ = {isa = PBXFileReference; lastKnownFileType = image.png; path = appicon01.png; sourceTree = "<group>"; };
		D72C9C021C3A4D3400856494 /* appicon02.png */ = {isa = PBXFileReference; lastKnownFileType = image.png; path = appicon02.png; sourceTree = "<group>"; };
		D72C9C031C3A4D3400856494 /* arrow_down02.png */ = {isa = PBXFileReference; lastKnownFileType = image.png; path = arrow_down02.png; sourceTree = "<group>"; };
		D72C9C041C3A4D3400856494 /* arrow_down03.png */ = {isa = PBXFileReference; lastKnownFileType = image.png; path = arrow_down03.png; sourceTree = "<group>"; };
		D72C9C051C3A4D3400856494 /* arrow_left01.png */ = {isa = PBXFileReference; lastKnownFileType = image.png; path = arrow_left01.png; sourceTree = "<group>"; };
		D72C9C061C3A4D3400856494 /* arrow_left02.png */ = {isa = PBXFileReference; lastKnownFileType = image.png; path = arrow_left02.png; sourceTree = "<group>"; };
		D72C9C071C3A4D3400856494 /* arrow_right01.png */ = {isa = PBXFileReference; lastKnownFileType = image.png; path = arrow_right01.png; sourceTree = "<group>"; };
		D72C9C081C3A4D3400856494 /* arrow_right02.png */ = {isa = PBXFileReference; lastKnownFileType = image.png; path = arrow_right02.png; sourceTree = "<group>"; };
		D72C9C091C3A4D3400856494 /* arrow_up02.png */ = {isa = PBXFileReference; lastKnownFileType = image.png; path = arrow_up02.png; sourceTree = "<group>"; };
		D72C9C0A1C3A4D3400856494 /* arrow_up03.png */ = {isa = PBXFileReference; lastKnownFileType = image.png; path = arrow_up03.png; sourceTree = "<group>"; };
		D72C9C0B1C3A4D3400856494 /* back001.png */ = {isa = PBXFileReference; lastKnownFileType = image.png; path = back001.png; sourceTree = "<group>"; };
		D72C9C0C1C3A4D3400856494 /* back002.jpg */ = {isa = PBXFileReference; lastKnownFileType = image.jpeg; path = back002.jpg; sourceTree = "<group>"; };
		D72C9C0D1C3A4D3400856494 /* bg_logo01.png */ = {isa = PBXFileReference; lastKnownFileType = image.png; path = bg_logo01.png; sourceTree = "<group>"; };
		D72C9C0E1C3A4D3400856494 /* bg_txt01.png */ = {isa = PBXFileReference; lastKnownFileType = image.png; path = bg_txt01.png; sourceTree = "<group>"; };
		D72C9C0F1C3A4D3400856494 /* bluetooth_on_128.png */ = {isa = PBXFileReference; lastKnownFileType = image.png; path = bluetooth_on_128.png; sourceTree = "<group>"; };
		D72C9C101C3A4D3400856494 /* calculator_256.png */ = {isa = PBXFileReference; lastKnownFileType = image.png; path = calculator_256.png; sourceTree = "<group>"; };
		D72C9C111C3A4D3400856494 /* calendar01_128.png */ = {isa = PBXFileReference; lastKnownFileType = image.png; path = calendar01_128.png; sourceTree = "<group>"; };
		D72C9C121C3A4D3400856494 /* camera_256_01.png */ = {isa = PBXFileReference; lastKnownFileType = image.png; path = camera_256_01.png; sourceTree = "<group>"; };
		D72C9C131C3A4D3400856494 /* camera_shutter.png */ = {isa = PBXFileReference; lastKnownFileType = image.png; path = camera_shutter.png; sourceTree = "<group>"; };
		D72C9C141C3A4D3400856494 /* camera_switch.png */ = {isa = PBXFileReference; lastKnownFileType = image.png; path = camera_switch.png; sourceTree = "<group>"; };
		D72C9C151C3A4D3400856494 /* config_256.png */ = {isa = PBXFileReference; lastKnownFileType = image.png; path = config_256.png; sourceTree = "<group>"; };
		D72C9C161C3A4D3400856494 /* customer.png */ = {isa = PBXFileReference; lastKnownFileType = image.png; path = customer.png; sourceTree = "<group>"; };
		D72C9C171C3A4D3400856494 /* del_128_001.png */ = {isa = PBXFileReference; lastKnownFileType = image.png; path = del_128_001.png; sourceTree = "<group>"; };
		D72C9C181C3A4D3400856494 /* dev01.png */ = {isa = PBXFileReference; lastKnownFileType = image.png; path = dev01.png; sourceTree = "<group>"; };
		D72C9C191C3A4D3400856494 /* dev02.png */ = {isa = PBXFileReference; lastKnownFileType = image.png; path = dev02.png; sourceTree = "<group>"; };
		D72C9C1A1C3A4D3400856494 /* dev03.png */ = {isa = PBXFileReference; lastKnownFileType = image.png; path = dev03.png; sourceTree = "<group>"; };
		D72C9C1B1C3A4D3400856494 /* dev04.png */ = {isa = PBXFileReference; lastKnownFileType = image.png; path = dev04.png; sourceTree = "<group>"; };
		D72C9C1C1C3A4D3400856494 /* edit_128_001.png */ = {isa = PBXFileReference; lastKnownFileType = image.png; path = edit_128_001.png; sourceTree = "<group>"; };
		D72C9C1D1C3A4D3400856494 /* engval_down.png */ = {isa = PBXFileReference; lastKnownFileType = image.png; path = engval_down.png; sourceTree = "<group>"; };
		D72C9C1E1C3A4D3400856494 /* engval_up.png */ = {isa = PBXFileReference; lastKnownFileType = image.png; path = engval_up.png; sourceTree = "<group>"; };
		D72C9C1F1C3A4D3400856494 /* heart_icon.png */ = {isa = PBXFileReference; lastKnownFileType = image.png; path = heart_icon.png; sourceTree = "<group>"; };
		D72C9C201C3A4D3400856494 /* heart_icon48.png */ = {isa = PBXFileReference; lastKnownFileType = image.png; path = heart_icon48.png; sourceTree = "<group>"; };
		D72C9C211C3A4D3400856494 /* heart_icon64.png */ = {isa = PBXFileReference; lastKnownFileType = image.png; path = heart_icon64.png; sourceTree = "<group>"; };
		D72C9C221C3A4D3400856494 /* homelogo001.png */ = {isa = PBXFileReference; lastKnownFileType = image.png; path = homelogo001.png; sourceTree = "<group>"; };
		D72C9C231C3A4D3400856494 /* homelogo002.png */ = {isa = PBXFileReference; lastKnownFileType = image.png; path = homelogo002.png; sourceTree = "<group>"; };
		D72C9C241C3A4D3400856494 /* homelogo003.png */ = {isa = PBXFileReference; lastKnownFileType = image.png; path = homelogo003.png; sourceTree = "<group>"; };
		D72C9C251C3A4D3400856494 /* invoice01_128.png */ = {isa = PBXFileReference; lastKnownFileType = image.png; path = invoice01_128.png; sourceTree = "<group>"; };
		D72C9C261C3A4D3400856494 /* kchart_256.png */ = {isa = PBXFileReference; lastKnownFileType = image.png; path = kchart_256.png; sourceTree = "<group>"; };
		D72C9C271C3A4D3400856494 /* logo_isoqi01.png */ = {isa = PBXFileReference; lastKnownFileType = image.png; path = logo_isoqi01.png; sourceTree = "<group>"; };
		D72C9C281C3A4D3400856494 /* logo_merit01.png */ = {isa = PBXFileReference; lastKnownFileType = image.png; path = logo_merit01.png; sourceTree = "<group>"; };
		D72C9C291C3A4D3400856494 /* logo_merit02.png */ = {isa = PBXFileReference; lastKnownFileType = image.png; path = logo_merit02.png; sourceTree = "<group>"; };
		D72C9C2A1C3A4D3400856494 /* menu_calendar01_256.png */ = {isa = PBXFileReference; lastKnownFileType = image.png; path = menu_calendar01_256.png; sourceTree = "<group>"; };
		D72C9C2B1C3A4D3400856494 /* menu_calendar_256.png */ = {isa = PBXFileReference; lastKnownFileType = image.png; path = menu_calendar_256.png; sourceTree = "<group>"; };
		D72C9C2C1C3A4D3400856494 /* menu_camera_256.png */ = {isa = PBXFileReference; lastKnownFileType = image.png; path = menu_camera_256.png; sourceTree = "<group>"; };
		D72C9C2D1C3A4D3400856494 /* menu_cert_256.png */ = {isa = PBXFileReference; lastKnownFileType = image.png; path = menu_cert_256.png; sourceTree = "<group>"; };
		D72C9C2E1C3A4D3400856494 /* menu_member.png */ = {isa = PBXFileReference; lastKnownFileType = image.png; path = menu_member.png; sourceTree = "<group>"; };
		D72C9C2F1C3A4D3400856494 /* menu_message_256.png */ = {isa = PBXFileReference; lastKnownFileType = image.png; path = menu_message_256.png; sourceTree = "<group>"; };
		D72C9C301C3A4D3400856494 /* menu_profile.png */ = {isa = PBXFileReference; lastKnownFileType = image.png; path = menu_profile.png; sourceTree = "<group>"; };
		D72C9C311C3A4D3400856494 /* menu_testing.png */ = {isa = PBXFileReference; lastKnownFileType = image.png; path = menu_testing.png; sourceTree = "<group>"; };
		D72C9C321C3A4D3400856494 /* menu_testint01_256.png */ = {isa = PBXFileReference; lastKnownFileType = image.png; path = menu_testint01_256.png; sourceTree = "<group>"; };
		D72C9C331C3A4D3400856494 /* menu_train01_256.png */ = {isa = PBXFileReference; lastKnownFileType = image.png; path = menu_train01_256.png; sourceTree = "<group>"; };
		D72C9C341C3A4D3400856494 /* menu_train_256.png */ = {isa = PBXFileReference; lastKnownFileType = image.png; path = menu_train_256.png; sourceTree = "<group>"; };
		D72C9C351C3A4D3400856494 /* menu_upload.png */ = {isa = PBXFileReference; lastKnownFileType = image.png; path = menu_upload.png; sourceTree = "<group>"; };
		D72C9C361C3A4D3400856494 /* msgicon_fb.png */ = {isa = PBXFileReference; lastKnownFileType = image.png; path = msgicon_fb.png; sourceTree = "<group>"; };
		D72C9C371C3A4D3400856494 /* msgicon_line.png */ = {isa = PBXFileReference; lastKnownFileType = image.png; path = msgicon_line.png; sourceTree = "<group>"; };
		D72C9C381C3A4D3400856494 /* msgicon_qq.png */ = {isa = PBXFileReference; lastKnownFileType = image.png; path = msgicon_qq.png; sourceTree = "<group>"; };
		D72C9C391C3A4D3400856494 /* msgicon_wechat.png */ = {isa = PBXFileReference; lastKnownFileType = image.png; path = msgicon_wechat.png; sourceTree = "<group>"; };
		D72C9C3A1C3A4D3400856494 /* news01_128.png */ = {isa = PBXFileReference; lastKnownFileType = image.png; path = news01_128.png; sourceTree = "<group>"; };
		D72C9C3B1C3A4D3400856494 /* save_128.png */ = {isa = PBXFileReference; lastKnownFileType = image.png; path = save_128.png; sourceTree = "<group>"; };
		D72C9C3C1C3A4D3400856494 /* search01_128.png */ = {isa = PBXFileReference; lastKnownFileType = image.png; path = search01_128.png; sourceTree = "<group>"; };
		D72C9C3D1C3A4D3400856494 /* search_64.png */ = {isa = PBXFileReference; lastKnownFileType = image.png; path = search_64.png; sourceTree = "<group>"; };
		D72C9C3E1C3A4D3400856494 /* testmechine_128.png */ = {isa = PBXFileReference; lastKnownFileType = image.png; path = testmechine_128.png; sourceTree = "<group>"; };
		D72C9C3F1C3A4D3400856494 /* user_empty01.png */ = {isa = PBXFileReference; lastKnownFileType = image.png; path = user_empty01.png; sourceTree = "<group>"; };
		D72C9C821C3A51C300856494 /* bg001.png */ = {isa = PBXFileReference; lastKnownFileType = image.png; path = bg001.png; sourceTree = "<group>"; };
		D72C9C841C3A58EB00856494 /* heart_monitor_128.png */ = {isa = PBXFileReference; lastKnownFileType = image.png; path = heart_monitor_128.png; sourceTree = "<group>"; };
		D72C9C851C3A58EB00856494 /* settings_128.png */ = {isa = PBXFileReference; lastKnownFileType = image.png; path = settings_128.png; sourceTree = "<group>"; };
		D72C9C861C3A58EB00856494 /* user_group_128.png */ = {isa = PBXFileReference; lastKnownFileType = image.png; path = user_group_128.png; sourceTree = "<group>"; };
		D77686E71C3B6296008F4564 /* Main.storyboard */ = {isa = PBXFileReference; fileEncoding = 4; lastKnownFileType = file.storyboard; path = Main.storyboard; sourceTree = "<group>"; };
		D77686FA1C3B655A008F4564 /* Info.plist */ = {isa = PBXFileReference; fileEncoding = 4; lastKnownFileType = text.plist.xml; path = Info.plist; sourceTree = "<group>"; };
		D77687121C3B6CE0008F4564 /* Base */ = {isa = PBXFileReference; lastKnownFileType = text.plist.strings; name = Base; path = Base.lproj/Localizable.strings; sourceTree = "<group>"; };
		D77687161C3B6D33008F4564 /* zh-Hans */ = {isa = PBXFileReference; lastKnownFileType = text.plist.strings; name = "zh-Hans"; path = "zh-Hans.lproj/Localizable.strings"; sourceTree = "<group>"; };
		D77687171C3B6D4A008F4564 /* zh-Hant */ = {isa = PBXFileReference; lastKnownFileType = text.plist.strings; name = "zh-Hant"; path = "zh-Hant.lproj/Localizable.strings"; sourceTree = "<group>"; };
		D776871C1C3B7059008F4564 /* zh-Hans */ = {isa = PBXFileReference; lastKnownFileType = text.plist.strings; name = "zh-Hans"; path = "zh-Hans.lproj/InfoPlist.strings"; sourceTree = "<group>"; };
		D776871E1C3B705C008F4564 /* zh-Hant */ = {isa = PBXFileReference; lastKnownFileType = text.plist.strings; name = "zh-Hant"; path = "zh-Hant.lproj/InfoPlist.strings"; sourceTree = "<group>"; };
		D776871F1C3B706E008F4564 /* Base */ = {isa = PBXFileReference; lastKnownFileType = text.plist.strings; name = Base; path = Base.lproj/InfoPlist.strings; sourceTree = "<group>"; };
		D77687231C3B76C9008F4564 /* es */ = {isa = PBXFileReference; lastKnownFileType = text.plist.strings; name = es; path = es.lproj/InfoPlist.strings; sourceTree = "<group>"; };
		D77687241C3B76C9008F4564 /* es */ = {isa = PBXFileReference; lastKnownFileType = text.plist.strings; name = es; path = es.lproj/Localizable.strings; sourceTree = "<group>"; };
		D77687251C3B7B17008F4564 /* CellCollect.swift */ = {isa = PBXFileReference; fileEncoding = 4; lastKnownFileType = sourcecode.swift; name = CellCollect.swift; path = Testing/CellCollect.swift; sourceTree = "<group>"; };
		D77687281C3B9801008F4564 /* MemberList.swift */ = {isa = PBXFileReference; fileEncoding = 4; lastKnownFileType = sourcecode.swift; name = MemberList.swift; path = Member/MemberList.swift; sourceTree = "<group>"; };
		D776872A1C3B9A40008F4564 /* MemberAdEd.swift */ = {isa = PBXFileReference; fileEncoding = 4; lastKnownFileType = sourcecode.swift; name = MemberAdEd.swift; path = Member/MemberAdEd.swift; sourceTree = "<group>"; };
		D776872D1C3BAF56008F4564 /* FileMang.swift */ = {isa = PBXFileReference; fileEncoding = 4; lastKnownFileType = sourcecode.swift; path = FileMang.swift; sourceTree = "<group>"; };
		D7CF064C1C47412C004E8E71 /* H1_L_P.jpg */ = {isa = PBXFileReference; lastKnownFileType = image.jpeg; path = H1_L_P.jpg; sourceTree = "<group>"; };
		D7CF064F1C474F33004E8E71 /* BLEMeadService.swift */ = {isa = PBXFileReference; fileEncoding = 4; lastKnownFileType = sourcecode.swift; name = BLEMeadService.swift; path = BTClass/BLEMeadService.swift; sourceTree = "<group>"; };
		D7CF06561C475710004E8E71 /* BLEMeadMain.swift */ = {isa = PBXFileReference; fileEncoding = 4; lastKnownFileType = sourcecode.swift; name = BLEMeadMain.swift; path = BTClass/BLEMeadMain.swift; sourceTree = "<group>"; };
		D7FD81661C45F6CA00FA9E5A /* TestingMemberSel.swift */ = {isa = PBXFileReference; fileEncoding = 4; lastKnownFileType = sourcecode.swift; name = TestingMemberSel.swift; path = Testing/TestingMemberSel.swift; sourceTree = "<group>"; };
		D7FD81681C46070F00FA9E5A /* TestingGuestSel.swift */ = {isa = PBXFileReference; fileEncoding = 4; lastKnownFileType = sourcecode.swift; name = TestingGuestSel.swift; path = Testing/TestingGuestSel.swift; sourceTree = "<group>"; };
		D7FD816B1C46368F00FA9E5A /* MeadConfig.swift */ = {isa = PBXFileReference; fileEncoding = 4; lastKnownFileType = sourcecode.swift; name = MeadConfig.swift; path = MeadClass/MeadConfig.swift; sourceTree = "<group>"; };
		D7FD81701C464E1500FA9E5A /* pict_testing */ = {isa = PBXFileReference; lastKnownFileType = folder; path = pict_testing; sourceTree = "<group>"; };
		D7FFDD651C3E6497003EEF92 /* MemberListCell.swift */ = {isa = PBXFileReference; fileEncoding = 4; lastKnownFileType = sourcecode.swift; name = MemberListCell.swift; path = Member/MemberListCell.swift; sourceTree = "<group>"; };
/* End PBXFileReference section */

/* Begin PBXFrameworksBuildPhase section */
		D72C9BCD1C3A492E00856494 /* Frameworks */ = {
			isa = PBXFrameworksBuildPhase;
			buildActionMask = 2147483647;
			files = (
			);
			runOnlyForDeploymentPostprocessing = 0;
		};
/* End PBXFrameworksBuildPhase section */

/* Begin PBXGroup section */
		D72C9BC71C3A492E00856494 = {
			isa = PBXGroup;
			children = (
				D72C9BD21C3A492E00856494 /* MeadGlobal */,
				D72C9BD11C3A492E00856494 /* Products */,
			);
			sourceTree = "<group>";
		};
		D72C9BD11C3A492E00856494 /* Products */ = {
			isa = PBXGroup;
			children = (
				D72C9BD01C3A492E00856494 /* MeadGlobal.app */,
			);
			name = Products;
			sourceTree = "<group>";
		};
		D72C9BD21C3A492E00856494 /* MeadGlobal */ = {
			isa = PBXGroup;
			children = (
				D77686FA1C3B655A008F4564 /* Info.plist */,
				D77686E71C3B6296008F4564 /* Main.storyboard */,
				D72C9BE61C3A4A0F00856494 /* MainHome */,
				D77687221C3B72F3008F4564 /* Testing */,
				D7FD816A1C46365000FA9E5A /* MeadClass */,
				D77687271C3B97D9008F4564 /* Member */,
				D7CF064E1C474EB9004E8E71 /* BTClass */,
				D72C9BEF1C3A4CCD00856494 /* PubClass */,
				D72C9BE51C3A49C200856494 /* SysFile */,
				D72C9BFF1C3A4D3400856494 /* image */,
				D7FD81701C464E1500FA9E5A /* pict_testing */,
				D72C9BF61C3A4CF900856494 /* lang */,
			);
			path = MeadGlobal;
			sourceTree = "<group>";
		};
		D72C9BE51C3A49C200856494 /* SysFile */ = {
			isa = PBXGroup;
			children = (
				D72C9BEB1C3A4A9000856494 /* AppDelegate.swift */,
				D72C9BFB1C3A4D1100856494 /* digt001.ttf */,
				D72C9BFC1C3A4D1100856494 /* digt002.ttf */,
				D72C9BDA1C3A492F00856494 /* Assets.xcassets */,
				D776871D1C3B7059008F4564 /* InfoPlist.strings */,
			);
			path = SysFile;
			sourceTree = "<group>";
		};
		D72C9BE61C3A4A0F00856494 /* MainHome */ = {
			isa = PBXGroup;
			children = (
				D72C9BE71C3A4A6B00856494 /* MainLogin.swift */,
			);
			path = MainHome;
			sourceTree = "<group>";
		};
		D72C9BEF1C3A4CCD00856494 /* PubClass */ = {
			isa = PBXGroup;
			children = (
				D72C9BF21C3A4CCD00856494 /* PubClass.swift */,
				D72C9BF01C3A4CCD00856494 /* ImageClass.swift */,
				D72C9BF11C3A4CCD00856494 /* NoDataView.swift */,
				D70EE3461C3CDE7100944E21 /* CutImage.swift */,
				D776872D1C3BAF56008F4564 /* FileMang.swift */,
				4256A34B1C40E5F900131142 /* JSONClass.swift */,
			);
			path = PubClass;
			sourceTree = "<group>";
		};
		D72C9BF61C3A4CF900856494 /* lang */ = {
			isa = PBXGroup;
			children = (
				D77687131C3B6CE0008F4564 /* Localizable.strings */,
			);
			path = lang;
			sourceTree = "<group>";
		};
		D72C9BFF1C3A4D3400856494 /* image */ = {
			isa = PBXGroup;
			children = (
				D7CF064C1C47412C004E8E71 /* H1_L_P.jpg */,
				D72C9C841C3A58EB00856494 /* heart_monitor_128.png */,
				D72C9C851C3A58EB00856494 /* settings_128.png */,
				D72C9C861C3A58EB00856494 /* user_group_128.png */,
				D72C9C001C3A4D3400856494 /* akregator_256.png */,
				D72C9C011C3A4D3400856494 /* appicon01.png */,
				D72C9C021C3A4D3400856494 /* appicon02.png */,
				D72C9C031C3A4D3400856494 /* arrow_down02.png */,
				D72C9C041C3A4D3400856494 /* arrow_down03.png */,
				D72C9C051C3A4D3400856494 /* arrow_left01.png */,
				D72C9C061C3A4D3400856494 /* arrow_left02.png */,
				D72C9C071C3A4D3400856494 /* arrow_right01.png */,
				D72C9C081C3A4D3400856494 /* arrow_right02.png */,
				D72C9C091C3A4D3400856494 /* arrow_up02.png */,
				D72C9C0A1C3A4D3400856494 /* arrow_up03.png */,
				D72C9C821C3A51C300856494 /* bg001.png */,
				D72C9C0B1C3A4D3400856494 /* back001.png */,
				D72C9C0C1C3A4D3400856494 /* back002.jpg */,
				D72C9C0D1C3A4D3400856494 /* bg_logo01.png */,
				D72C9C0E1C3A4D3400856494 /* bg_txt01.png */,
				D72C9C0F1C3A4D3400856494 /* bluetooth_on_128.png */,
				D72C9C101C3A4D3400856494 /* calculator_256.png */,
				D72C9C111C3A4D3400856494 /* calendar01_128.png */,
				D72C9C121C3A4D3400856494 /* camera_256_01.png */,
				D72C9C131C3A4D3400856494 /* camera_shutter.png */,
				D72C9C141C3A4D3400856494 /* camera_switch.png */,
				D72C9C151C3A4D3400856494 /* config_256.png */,
				D72C9C161C3A4D3400856494 /* customer.png */,
				D72C9C171C3A4D3400856494 /* del_128_001.png */,
				D72C9C181C3A4D3400856494 /* dev01.png */,
				D72C9C191C3A4D3400856494 /* dev02.png */,
				D72C9C1A1C3A4D3400856494 /* dev03.png */,
				D72C9C1B1C3A4D3400856494 /* dev04.png */,
				D72C9C1C1C3A4D3400856494 /* edit_128_001.png */,
				D72C9C1D1C3A4D3400856494 /* engval_down.png */,
				D72C9C1E1C3A4D3400856494 /* engval_up.png */,
				D72C9C1F1C3A4D3400856494 /* heart_icon.png */,
				D72C9C201C3A4D3400856494 /* heart_icon48.png */,
				D72C9C211C3A4D3400856494 /* heart_icon64.png */,
				D72C9C221C3A4D3400856494 /* homelogo001.png */,
				D72C9C231C3A4D3400856494 /* homelogo002.png */,
				D72C9C241C3A4D3400856494 /* homelogo003.png */,
				D72C9C251C3A4D3400856494 /* invoice01_128.png */,
				D72C9C261C3A4D3400856494 /* kchart_256.png */,
				D72C9C271C3A4D3400856494 /* logo_isoqi01.png */,
				D72C9C281C3A4D3400856494 /* logo_merit01.png */,
				D72C9C291C3A4D3400856494 /* logo_merit02.png */,
				D72C9C2A1C3A4D3400856494 /* menu_calendar01_256.png */,
				D72C9C2B1C3A4D3400856494 /* menu_calendar_256.png */,
				D72C9C2C1C3A4D3400856494 /* menu_camera_256.png */,
				D72C9C2D1C3A4D3400856494 /* menu_cert_256.png */,
				D72C9C2E1C3A4D3400856494 /* menu_member.png */,
				D72C9C2F1C3A4D3400856494 /* menu_message_256.png */,
				D72C9C301C3A4D3400856494 /* menu_profile.png */,
				D72C9C311C3A4D3400856494 /* menu_testing.png */,
				D72C9C321C3A4D3400856494 /* menu_testint01_256.png */,
				D72C9C331C3A4D3400856494 /* menu_train01_256.png */,
				D72C9C341C3A4D3400856494 /* menu_train_256.png */,
				D72C9C351C3A4D3400856494 /* menu_upload.png */,
				D72C9C361C3A4D3400856494 /* msgicon_fb.png */,
				D72C9C371C3A4D3400856494 /* msgicon_line.png */,
				D72C9C381C3A4D3400856494 /* msgicon_qq.png */,
				D72C9C391C3A4D3400856494 /* msgicon_wechat.png */,
				D72C9C3A1C3A4D3400856494 /* news01_128.png */,
				D72C9C3B1C3A4D3400856494 /* save_128.png */,
				D72C9C3C1C3A4D3400856494 /* search01_128.png */,
				D72C9C3D1C3A4D3400856494 /* search_64.png */,
				D72C9C3E1C3A4D3400856494 /* testmechine_128.png */,
				D72C9C3F1C3A4D3400856494 /* user_empty01.png */,
			);
			path = image;
			sourceTree = "<group>";
		};
		D77687221C3B72F3008F4564 /* Testing */ = {
			isa = PBXGroup;
			children = (
				42D3D3071C42A2FA002FF7B8 /* TestingUser.swift */,
				D701449A1C449CA800813650 /* TestingUserPager.swift */,
				D7FD81681C46070F00FA9E5A /* TestingGuestSel.swift */,
				D7FD81661C45F6CA00FA9E5A /* TestingMemberSel.swift */,
				D77687251C3B7B17008F4564 /* CellCollect.swift */,
			);
			name = Testing;
			sourceTree = "<group>";
		};
		D77687271C3B97D9008F4564 /* Member */ = {
			isa = PBXGroup;
			children = (
				4256A3491C40DDCC00131142 /* MemberClass.swift */,
				D77687281C3B9801008F4564 /* MemberList.swift */,
				D7FFDD651C3E6497003EEF92 /* MemberListCell.swift */,
				D776872A1C3B9A40008F4564 /* MemberAdEd.swift */,
				D7240CB21C4359A900B1C191 /* MemberAdEdContainer.swift */,
			);
			name = Member;
			sourceTree = "<group>";
		};
		D7CF064E1C474EB9004E8E71 /* BTClass */ = {
			isa = PBXGroup;
			children = (
				D7CF06561C475710004E8E71 /* BLEMeadMain.swift */,
				D7CF064F1C474F33004E8E71 /* BLEMeadService.swift */,
			);
			name = BTClass;
			sourceTree = "<group>";
		};
		D7FD816A1C46365000FA9E5A /* MeadClass */ = {
			isa = PBXGroup;
			children = (
				D7FD816B1C46368F00FA9E5A /* MeadConfig.swift */,
			);
			name = MeadClass;
			sourceTree = "<group>";
		};
/* End PBXGroup section */

/* Begin PBXNativeTarget section */
		D72C9BCF1C3A492E00856494 /* MeadGlobal */ = {
			isa = PBXNativeTarget;
			buildConfigurationList = D72C9BE21C3A492F00856494 /* Build configuration list for PBXNativeTarget "MeadGlobal" */;
			buildPhases = (
				D72C9BCC1C3A492E00856494 /* Sources */,
				D72C9BCD1C3A492E00856494 /* Frameworks */,
				D72C9BCE1C3A492E00856494 /* Resources */,
			);
			buildRules = (
			);
			dependencies = (
			);
			name = MeadGlobal;
			productName = MeadGlobal;
			productReference = D72C9BD01C3A492E00856494 /* MeadGlobal.app */;
			productType = "com.apple.product-type.application";
		};
/* End PBXNativeTarget section */

/* Begin PBXProject section */
		D72C9BC81C3A492E00856494 /* Project object */ = {
			isa = PBXProject;
			attributes = {
				LastSwiftUpdateCheck = 0720;
				LastUpgradeCheck = 0720;
				ORGANIZATIONNAME = htemis;
				TargetAttributes = {
					D72C9BCF1C3A492E00856494 = {
						CreatedOnToolsVersion = 7.2;
					};
				};
			};
			buildConfigurationList = D72C9BCB1C3A492E00856494 /* Build configuration list for PBXProject "MeadGlobal" */;
			compatibilityVersion = "Xcode 3.2";
			developmentRegion = English;
			hasScannedForEncodings = 0;
			knownRegions = (
				Base,
				"zh-Hans",
				"zh-Hant",
				es,
			);
			mainGroup = D72C9BC71C3A492E00856494;
			productRefGroup = D72C9BD11C3A492E00856494 /* Products */;
			projectDirPath = "";
			projectRoot = "";
			targets = (
				D72C9BCF1C3A492E00856494 /* MeadGlobal */,
			);
		};
/* End PBXProject section */

/* Begin PBXResourcesBuildPhase section */
		D72C9BCE1C3A492E00856494 /* Resources */ = {
			isa = PBXResourcesBuildPhase;
			buildActionMask = 2147483647;
			files = (
				D72C9C5A1C3A4D3400856494 /* dev03.png in Resources */,
				D72C9C5C1C3A4D3400856494 /* edit_128_001.png in Resources */,
				D72C9C511C3A4D3400856494 /* calendar01_128.png in Resources */,
				D72C9C571C3A4D3400856494 /* del_128_001.png in Resources */,
				D7CF064D1C47412C004E8E71 /* H1_L_P.jpg in Resources */,
				D72C9C6F1C3A4D3400856494 /* menu_message_256.png in Resources */,
				D72C9C711C3A4D3400856494 /* menu_testing.png in Resources */,
				D72C9C5D1C3A4D3400856494 /* engval_down.png in Resources */,
				D72C9C881C3A58EB00856494 /* settings_128.png in Resources */,
				D72C9C561C3A4D3400856494 /* customer.png in Resources */,
				D72C9C491C3A4D3400856494 /* arrow_up02.png in Resources */,
				D77687181C3B6DB4008F4564 /* Localizable.strings in Resources */,
				D72C9BFE1C3A4D1100856494 /* digt002.ttf in Resources */,
				D72C9C671C3A4D3400856494 /* logo_isoqi01.png in Resources */,
				D72C9C781C3A4D3400856494 /* msgicon_qq.png in Resources */,
				D72C9C7A1C3A4D3400856494 /* news01_128.png in Resources */,
				D72C9C5B1C3A4D3400856494 /* dev04.png in Resources */,
				D72C9BFD1C3A4D1100856494 /* digt001.ttf in Resources */,
				D72C9C661C3A4D3400856494 /* kchart_256.png in Resources */,
				D72C9C4C1C3A4D3400856494 /* back002.jpg in Resources */,
				D72C9C7D1C3A4D3400856494 /* search_64.png in Resources */,
				D72C9C5F1C3A4D3400856494 /* heart_icon.png in Resources */,
				D72C9C891C3A58EB00856494 /* user_group_128.png in Resources */,
				D72C9C731C3A4D3400856494 /* menu_train01_256.png in Resources */,
				D72C9C631C3A4D3400856494 /* homelogo002.png in Resources */,
				D72C9C441C3A4D3400856494 /* arrow_down03.png in Resources */,
				D72C9C741C3A4D3400856494 /* menu_train_256.png in Resources */,
				D72C9C421C3A4D3400856494 /* appicon02.png in Resources */,
				D72C9C4E1C3A4D3400856494 /* bg_txt01.png in Resources */,
				D776871B1C3B7059008F4564 /* InfoPlist.strings in Resources */,
				D72C9C751C3A4D3400856494 /* menu_upload.png in Resources */,
				D72C9C541C3A4D3400856494 /* camera_switch.png in Resources */,
				D72C9C6B1C3A4D3400856494 /* menu_calendar_256.png in Resources */,
				D72C9C451C3A4D3400856494 /* arrow_left01.png in Resources */,
				D72C9C7E1C3A4D3400856494 /* testmechine_128.png in Resources */,
				D72C9C4F1C3A4D3400856494 /* bluetooth_on_128.png in Resources */,
				D72C9C461C3A4D3400856494 /* arrow_left02.png in Resources */,
				D72C9C4A1C3A4D3400856494 /* arrow_up03.png in Resources */,
				D72C9C611C3A4D3400856494 /* heart_icon64.png in Resources */,
				D72C9C4D1C3A4D3400856494 /* bg_logo01.png in Resources */,
				D72C9C411C3A4D3400856494 /* appicon01.png in Resources */,
				D72C9C431C3A4D3400856494 /* arrow_down02.png in Resources */,
				D72C9C5E1C3A4D3400856494 /* engval_up.png in Resources */,
				D72C9C521C3A4D3400856494 /* camera_256_01.png in Resources */,
				D72C9C831C3A51C300856494 /* bg001.png in Resources */,
				D77686E81C3B6296008F4564 /* Main.storyboard in Resources */,
				D72C9C6C1C3A4D3400856494 /* menu_camera_256.png in Resources */,
				D72C9C641C3A4D3400856494 /* homelogo003.png in Resources */,
				D72C9C581C3A4D3400856494 /* dev01.png in Resources */,
				D72C9C621C3A4D3400856494 /* homelogo001.png in Resources */,
				D72C9C601C3A4D3400856494 /* heart_icon48.png in Resources */,
				D72C9C6A1C3A4D3400856494 /* menu_calendar01_256.png in Resources */,
				D72C9C651C3A4D3400856494 /* invoice01_128.png in Resources */,
				D72C9BDB1C3A492F00856494 /* Assets.xcassets in Resources */,
				D72C9C721C3A4D3400856494 /* menu_testint01_256.png in Resources */,
				D72C9C501C3A4D3400856494 /* calculator_256.png in Resources */,
				D72C9C481C3A4D3400856494 /* arrow_right02.png in Resources */,
				D72C9C4B1C3A4D3400856494 /* back001.png in Resources */,
				D72C9C551C3A4D3400856494 /* config_256.png in Resources */,
				D72C9C701C3A4D3400856494 /* menu_profile.png in Resources */,
				D72C9C7F1C3A4D3400856494 /* user_empty01.png in Resources */,
				D72C9C6D1C3A4D3400856494 /* menu_cert_256.png in Resources */,
				D7FD81711C464E1500FA9E5A /* pict_testing in Resources */,
				D72C9C531C3A4D3400856494 /* camera_shutter.png in Resources */,
				D72C9C471C3A4D3400856494 /* arrow_right01.png in Resources */,
				D72C9C6E1C3A4D3400856494 /* menu_member.png in Resources */,
				D72C9C7B1C3A4D3400856494 /* save_128.png in Resources */,
				D72C9C771C3A4D3400856494 /* msgicon_line.png in Resources */,
				D72C9C401C3A4D3400856494 /* akregator_256.png in Resources */,
				D72C9C681C3A4D3400856494 /* logo_merit01.png in Resources */,
				D72C9C691C3A4D3400856494 /* logo_merit02.png in Resources */,
				D72C9C871C3A58EB00856494 /* heart_monitor_128.png in Resources */,
				D72C9C591C3A4D3400856494 /* dev02.png in Resources */,
				D72C9C791C3A4D3400856494 /* msgicon_wechat.png in Resources */,
				D72C9C761C3A4D3400856494 /* msgicon_fb.png in Resources */,
				D72C9C7C1C3A4D3400856494 /* search01_128.png in Resources */,
			);
			runOnlyForDeploymentPostprocessing = 0;
		};
/* End PBXResourcesBuildPhase section */

/* Begin PBXSourcesBuildPhase section */
		D72C9BCC1C3A492E00856494 /* Sources */ = {
			isa = PBXSourcesBuildPhase;
			buildActionMask = 2147483647;
			files = (
				D72C9BEC1C3A4A9000856494 /* AppDelegate.swift in Sources */,
				D776872B1C3B9A40008F4564 /* MemberAdEd.swift in Sources */,
				D7CF06571C475710004E8E71 /* BLEMeadMain.swift in Sources */,
				D776872E1C3BAF56008F4564 /* FileMang.swift in Sources */,
				D7FD81671C45F6CA00FA9E5A /* TestingMemberSel.swift in Sources */,
				D72C9BF51C3A4CCD00856494 /* PubClass.swift in Sources */,
				D7CF06501C474F33004E8E71 /* BLEMeadService.swift in Sources */,
				D72C9BF41C3A4CCD00856494 /* NoDataView.swift in Sources */,
				D701449B1C449CA800813650 /* TestingUserPager.swift in Sources */,
				D70EE3471C3CDE7100944E21 /* CutImage.swift in Sources */,
				D72C9BE81C3A4A6B00856494 /* MainLogin.swift in Sources */,
				D72C9BF31C3A4CCD00856494 /* ImageClass.swift in Sources */,
				42D3D3081C42A2FA002FF7B8 /* TestingUser.swift in Sources */,
				4256A34C1C40E5F900131142 /* JSONClass.swift in Sources */,
				D7FD81691C46070F00FA9E5A /* TestingGuestSel.swift in Sources */,
				D7240CB31C4359A900B1C191 /* MemberAdEdContainer.swift in Sources */,
				D77687261C3B7B17008F4564 /* CellCollect.swift in Sources */,
				D7FD816C1C46368F00FA9E5A /* MeadConfig.swift in Sources */,
				D77687291C3B9801008F4564 /* MemberList.swift in Sources */,
				4256A34A1C40DDCC00131142 /* MemberClass.swift in Sources */,
				D7FFDD661C3E6497003EEF92 /* MemberListCell.swift in Sources */,
			);
			runOnlyForDeploymentPostprocessing = 0;
		};
/* End PBXSourcesBuildPhase section */

/* Begin PBXVariantGroup section */
		D77687131C3B6CE0008F4564 /* Localizable.strings */ = {
			isa = PBXVariantGroup;
			children = (
				D77687121C3B6CE0008F4564 /* Base */,
				D77687161C3B6D33008F4564 /* zh-Hans */,
				D77687171C3B6D4A008F4564 /* zh-Hant */,
				D77687241C3B76C9008F4564 /* es */,
			);
			name = Localizable.strings;
			sourceTree = "<group>";
		};
		D776871D1C3B7059008F4564 /* InfoPlist.strings */ = {
			isa = PBXVariantGroup;
			children = (
				D776871C1C3B7059008F4564 /* zh-Hans */,
				D776871E1C3B705C008F4564 /* zh-Hant */,
				D776871F1C3B706E008F4564 /* Base */,
				D77687231C3B76C9008F4564 /* es */,
			);
			name = InfoPlist.strings;
			sourceTree = "<group>";
		};
/* End PBXVariantGroup section */

/* Begin XCBuildConfiguration section */
		D72C9BE01C3A492F00856494 /* Debug */ = {
			isa = XCBuildConfiguration;
			buildSettings = {
				ALWAYS_SEARCH_USER_PATHS = NO;
				CLANG_CXX_LANGUAGE_STANDARD = "gnu++0x";
				CLANG_CXX_LIBRARY = "libc++";
				CLANG_ENABLE_MODULES = YES;
				CLANG_ENABLE_OBJC_ARC = YES;
				CLANG_WARN_BOOL_CONVERSION = YES;
				CLANG_WARN_CONSTANT_CONVERSION = YES;
				CLANG_WARN_DIRECT_OBJC_ISA_USAGE = YES_ERROR;
				CLANG_WARN_EMPTY_BODY = YES;
				CLANG_WARN_ENUM_CONVERSION = YES;
				CLANG_WARN_INT_CONVERSION = YES;
				CLANG_WARN_OBJC_ROOT_CLASS = YES_ERROR;
				CLANG_WARN_UNREACHABLE_CODE = YES;
				CLANG_WARN__DUPLICATE_METHOD_MATCH = YES;
				"CODE_SIGN_IDENTITY[sdk=iphoneos*]" = "iPhone Developer";
				COPY_PHASE_STRIP = NO;
				DEBUG_INFORMATION_FORMAT = dwarf;
				ENABLE_STRICT_OBJC_MSGSEND = YES;
				ENABLE_TESTABILITY = YES;
				GCC_C_LANGUAGE_STANDARD = gnu99;
				GCC_DYNAMIC_NO_PIC = NO;
				GCC_NO_COMMON_BLOCKS = YES;
				GCC_OPTIMIZATION_LEVEL = 0;
				GCC_PREPROCESSOR_DEFINITIONS = (
					"DEBUG=1",
					"$(inherited)",
				);
				GCC_WARN_64_TO_32_BIT_CONVERSION = YES;
				GCC_WARN_ABOUT_RETURN_TYPE = YES_ERROR;
				GCC_WARN_UNDECLARED_SELECTOR = YES;
				GCC_WARN_UNINITIALIZED_AUTOS = YES_AGGRESSIVE;
				GCC_WARN_UNUSED_FUNCTION = YES;
				GCC_WARN_UNUSED_VARIABLE = YES;
				IPHONEOS_DEPLOYMENT_TARGET = 9.2;
				MTL_ENABLE_DEBUG_INFO = YES;
				ONLY_ACTIVE_ARCH = YES;
				SDKROOT = iphoneos;
				SWIFT_OPTIMIZATION_LEVEL = "-Onone";
				TARGETED_DEVICE_FAMILY = "1,2";
			};
			name = Debug;
		};
		D72C9BE11C3A492F00856494 /* Release */ = {
			isa = XCBuildConfiguration;
			buildSettings = {
				ALWAYS_SEARCH_USER_PATHS = NO;
				CLANG_CXX_LANGUAGE_STANDARD = "gnu++0x";
				CLANG_CXX_LIBRARY = "libc++";
				CLANG_ENABLE_MODULES = YES;
				CLANG_ENABLE_OBJC_ARC = YES;
				CLANG_WARN_BOOL_CONVERSION = YES;
				CLANG_WARN_CONSTANT_CONVERSION = YES;
				CLANG_WARN_DIRECT_OBJC_ISA_USAGE = YES_ERROR;
				CLANG_WARN_EMPTY_BODY = YES;
				CLANG_WARN_ENUM_CONVERSION = YES;
				CLANG_WARN_INT_CONVERSION = YES;
				CLANG_WARN_OBJC_ROOT_CLASS = YES_ERROR;
				CLANG_WARN_UNREACHABLE_CODE = YES;
				CLANG_WARN__DUPLICATE_METHOD_MATCH = YES;
				"CODE_SIGN_IDENTITY[sdk=iphoneos*]" = "iPhone Developer";
				COPY_PHASE_STRIP = NO;
				DEBUG_INFORMATION_FORMAT = "dwarf-with-dsym";
				ENABLE_NS_ASSERTIONS = NO;
				ENABLE_STRICT_OBJC_MSGSEND = YES;
				GCC_C_LANGUAGE_STANDARD = gnu99;
				GCC_NO_COMMON_BLOCKS = YES;
				GCC_WARN_64_TO_32_BIT_CONVERSION = YES;
				GCC_WARN_ABOUT_RETURN_TYPE = YES_ERROR;
				GCC_WARN_UNDECLARED_SELECTOR = YES;
				GCC_WARN_UNINITIALIZED_AUTOS = YES_AGGRESSIVE;
				GCC_WARN_UNUSED_FUNCTION = YES;
				GCC_WARN_UNUSED_VARIABLE = YES;
				IPHONEOS_DEPLOYMENT_TARGET = 9.2;
				MTL_ENABLE_DEBUG_INFO = NO;
				SDKROOT = iphoneos;
				TARGETED_DEVICE_FAMILY = "1,2";
				VALIDATE_PRODUCT = YES;
			};
			name = Release;
		};
		D72C9BE31C3A492F00856494 /* Debug */ = {
			isa = XCBuildConfiguration;
			buildSettings = {
				ASSETCATALOG_COMPILER_APPICON_NAME = AppIcon;
				INFOPLIST_FILE = MeadGlobal/Info.plist;
				LD_RUNPATH_SEARCH_PATHS = "$(inherited) @executable_path/Frameworks";
				PRODUCT_BUNDLE_IDENTIFIER = mysoqi.com.MeadGlobal;
				PRODUCT_NAME = "$(TARGET_NAME)";
				TARGETED_DEVICE_FAMILY = 1;
			};
			name = Debug;
		};
		D72C9BE41C3A492F00856494 /* Release */ = {
			isa = XCBuildConfiguration;
			buildSettings = {
				ASSETCATALOG_COMPILER_APPICON_NAME = AppIcon;
				INFOPLIST_FILE = MeadGlobal/Info.plist;
				LD_RUNPATH_SEARCH_PATHS = "$(inherited) @executable_path/Frameworks";
				PRODUCT_BUNDLE_IDENTIFIER = mysoqi.com.MeadGlobal;
				PRODUCT_NAME = "$(TARGET_NAME)";
				TARGETED_DEVICE_FAMILY = 1;
			};
			name = Release;
		};
/* End XCBuildConfiguration section */

/* Begin XCConfigurationList section */
		D72C9BCB1C3A492E00856494 /* Build configuration list for PBXProject "MeadGlobal" */ = {
			isa = XCConfigurationList;
			buildConfigurations = (
				D72C9BE01C3A492F00856494 /* Debug */,
				D72C9BE11C3A492F00856494 /* Release */,
			);
			defaultConfigurationIsVisible = 0;
			defaultConfigurationName = Release;
		};
		D72C9BE21C3A492F00856494 /* Build configuration list for PBXNativeTarget "MeadGlobal" */ = {
			isa = XCConfigurationList;
			buildConfigurations = (
				D72C9BE31C3A492F00856494 /* Debug */,
				D72C9BE41C3A492F00856494 /* Release */,
			);
			defaultConfigurationIsVisible = 0;
			defaultConfigurationName = Release;
		};
/* End XCConfigurationList section */
	};
	rootObject = D72C9BC81C3A492E00856494 /* Project object */;
}
